
Microsoft Visual Studio Solution File, Format Version 12.00
# Visual Studio 14
VisualStudioVersion = 14.0.25420.1
MinimumVisualStudioVersion = 10.0.40219.1
Project("{FAE04EC0-301F-11D3-BF4B-00C04F79EFBC}") = "BussinessLayer", "BussinessLayer\BussinessLayer.csproj", "{0D90CDC8-4FBD-4011-AA82-181552099CBC}"
EndProject
Project("{FAE04EC0-301F-11D3-BF4B-00C04F79EFBC}") = "PersistanceLayer", "PersistanceLayer\PersistanceLayer.csproj", "{71522BF6-9D84-463F-A0D1-ABB38D2C769C}"
EndProject
Project("{FAE04EC0-301F-11D3-BF4B-00C04F79EFBC}") = "APILayer", "APILayer\APILayer.csproj", "{1036D47B-7D1B-443E-A056-E0144B60C7EB}"
EndProject
Project("{FAE04EC0-301F-11D3-BF4B-00C04F79EFBC}") = "UILayer", "UILayer\UILayer.csproj", "{A9BC53D2-C8C5-45B5-A943-FA4B444DFB97}"
EndProject
Global
	GlobalSection(SolutionConfigurationPlatforms) = preSolution
		Debug|Any CPU = Debug|Any CPU
		Release|Any CPU = Release|Any CPU
	EndGlobalSection
	GlobalSection(ProjectConfigurationPlatforms) = postSolution
		{0D90CDC8-4FBD-4011-AA82-181552099CBC}.Debug|Any CPU.ActiveCfg = Debug|Any CPU
		{0D90CDC8-4FBD-4011-AA82-181552099CBC}.Debug|Any CPU.Build.0 = Debug|Any CPU
		{0D90CDC8-4FBD-4011-AA82-181552099CBC}.Release|Any CPU.ActiveCfg = Release|Any CPU
		{0D90CDC8-4FBD-4011-AA82-181552099CBC}.Release|Any CPU.Build.0 = Release|Any CPU
		{71522BF6-9D84-463F-A0D1-ABB38D2C769C}.Debug|Any CPU.ActiveCfg = Debug|Any CPU
		{71522BF6-9D84-463F-A0D1-ABB38D2C769C}.Debug|Any CPU.Build.0 = Debug|Any CPU
		{71522BF6-9D84-463F-A0D1-ABB38D2C769C}.Release|Any CPU.ActiveCfg = Release|Any CPU
		{71522BF6-9D84-463F-A0D1-ABB38D2C769C}.Release|Any CPU.Build.0 = Release|Any CPU
		{1036D47B-7D1B-443E-A056-E0144B60C7EB}.Debug|Any CPU.ActiveCfg = Debug|Any CPU
		{1036D47B-7D1B-443E-A056-E0144B60C7EB}.Debug|Any CPU.Build.0 = Debug|Any CPU
		{1036D47B-7D1B-443E-A056-E0144B60C7EB}.Release|Any CPU.ActiveCfg = Release|Any CPU
		{1036D47B-7D1B-443E-A056-E0144B60C7EB}.Release|Any CPU.Build.0 = Release|Any CPU
		{A9BC53D2-C8C5-45B5-A943-FA4B444DFB97}.Debug|Any CPU.ActiveCfg = Debug|Any CPU
		{A9BC53D2-C8C5-45B5-A943-FA4B444DFB97}.Debug|Any CPU.Build.0 = Debug|Any CPU
		{A9BC53D2-C8C5-45B5-A943-FA4B444DFB97}.Release|Any CPU.ActiveCfg = Release|Any CPU
		{A9BC53D2-C8C5-45B5-A943-FA4B444DFB97}.Release|Any CPU.Build.0 = Release|Any CPU
	EndGlobalSection
	GlobalSection(SolutionProperties) = preSolution
		HideSolutionNode = FALSE
	EndGlobalSection
EndGlobal
